// !$*UTF8*$!
{
	archiveVersion = 1;
	classes = {
	};
	objectVersion = 56;
	objects = {

/* Begin PBXBuildFile section */
		A10000000000000000000030 /* HP15CFlasherApp.swift in Sources */ = {isa = PBXBuildFile; fileRef = A10000000000000000000020 /* HP15CFlasherApp.swift */; };
		A10000000000000000000031 /* ContentView.swift in Sources */ = {isa = PBXBuildFile; fileRef = A10000000000000000000021 /* ContentView.swift */; };
		A10000000000000000000032 /* FlasherStore.swift in Sources */ = {isa = PBXBuildFile; fileRef = A10000000000000000000022 /* FlasherStore.swift */; };
		A10000000000000000000034 /* WizardDiagrams.swift in Sources */ = {isa = PBXBuildFile; fileRef = A10000000000000000000026 /* WizardDiagrams.swift */; };
		A10000000000000000000035 /* PogoWingEditor.swift in Sources */ = {isa = PBXBuildFile; fileRef = A10000000000000000000028 /* PogoWingEditor.swift */; };
		A10000000000000000000033 /* Assets.xcassets in Resources */ = {isa = PBXBuildFile; fileRef = A10000000000000000000024 /* Assets.xcassets */; };
		A10000000000000000000036 /* Credits.html in Resources */ = {isa = PBXBuildFile; fileRef = A10000000000000000000029 /* Credits.html */; };
		A10000000000000000000042 /* HP15CFlasherCore in Frameworks */ = {isa = PBXBuildFile; productRef = A10000000000000000000041 /* HP15CFlasherCore */; };
/* End PBXBuildFile section */

/* Begin PBXFileReference section */
		A10000000000000000000003 /* HP 15C Flasher.app */ = {isa = PBXFileReference; explicitFileType = wrapper.application; includeInIndex = 0; path = "HP 15C Flasher.app"; sourceTree = BUILT_PRODUCTS_DIR; };
		A10000000000000000000020 /* HP15CFlasherApp.swift */ = {isa = PBXFileReference; lastKnownFileType = sourcecode.swift; path = HP15CFlasherApp.swift; sourceTree = "<group>"; };
		A10000000000000000000021 /* ContentView.swift */ = {isa = PBXFileReference; lastKnownFileType = sourcecode.swift; path = ContentView.swift; sourceTree = "<group>"; };
		A10000000000000000000022 /* FlasherStore.swift */ = {isa = PBXFileReference; lastKnownFileType = sourcecode.swift; path = FlasherStore.swift; sourceTree = "<group>"; };
		A10000000000000000000026 /* WizardDiagrams.swift */ = {isa = PBXFileReference; lastKnownFileType = sourcecode.swift; path = WizardDiagrams.swift; sourceTree = "<group>"; };
		A10000000000000000000028 /* PogoWingEditor.swift */ = {isa = PBXFileReference; lastKnownFileType = sourcecode.swift; path = PogoWingEditor.swift; sourceTree = "<group>"; };
		A10000000000000000000023 /* HP15CFlasher.entitlements */ = {isa = PBXFileReference; lastKnownFileType = text.plist.entitlements; path = HP15CFlasher.entitlements; sourceTree = "<group>"; };
		A10000000000000000000024 /* Assets.xcassets */ = {isa = PBXFileReference; lastKnownFileType = folder.assetcatalog; path = Assets.xcassets; sourceTree = "<group>"; };
		A10000000000000000000025 /* Info.plist */ = {isa = PBXFileReference; lastKnownFileType = text.plist.xml; path = Info.plist; sourceTree = "<group>"; };
		A10000000000000000000029 /* Credits.html */ = {isa = PBXFileReference; lastKnownFileType = text.html; path = Credits.html; sourceTree = "<group>"; };
/* End PBXFileReference section */

/* Begin PBXFrameworksBuildPhase section */
		A10000000000000000000005 /* Frameworks */ = {
			isa = PBXFrameworksBuildPhase;
			buildActionMask = 2147483647;
			files = (
				A10000000000000000000042 /* HP15CFlasherCore in Frameworks */,
			);
			runOnlyForDeploymentPostprocessing = 0;
		};
/* End PBXFrameworksBuildPhase section */

/* Begin PBXGroup section */
		A10000000000000000000010 = {
			isa = PBXGroup;
			children = (
				A10000000000000000000011 /* App */,
				A10000000000000000000012 /* Products */,
			);
			sourceTree = "<group>";
		};
		A10000000000000000000011 /* App */ = {
			isa = PBXGroup;
			children = (
				A10000000000000000000020 /* HP15CFlasherApp.swift */,
				A10000000000000000000021 /* ContentView.swift */,
				A10000000000000000000022 /* FlasherStore.swift */,
				A10000000000000000000027 /* Diagrams */,
				A10000000000000000000024 /* Assets.xcassets */,
				A10000000000000000000023 /* HP15CFlasher.entitlements */,
				A10000000000000000000025 /* Info.plist */,
				A10000000000000000000029 /* Credits.html */,
			);
			path = App;
			sourceTree = "<group>";
		};
		A10000000000000000000027 /* Diagrams */ = {
			isa = PBXGroup;
			children = (
				A10000000000000000000026 /* WizardDiagrams.swift */,
				A10000000000000000000028 /* PogoWingEditor.swift */,
			);
			path = Diagrams;
			sourceTree = "<group>";
		};
		A10000000000000000000012 /* Products */ = {
			isa = PBXGroup;
			children = (
				A10000000000000000000003 /* HP 15C Flasher.app */,
			);
			name = Products;
			sourceTree = "<group>";
		};
/* End PBXGroup section */

/* Begin PBXNativeTarget section */
		A10000000000000000000002 /* HP15CFlasher */ = {
			isa = PBXNativeTarget;
			buildConfigurationList = A10000000000000000000051 /* Build configuration list for PBXNativeTarget "HP15CFlasher" */;
			buildPhases = (
				A10000000000000000000004 /* Sources */,
				A10000000000000000000005 /* Frameworks */,
				A10000000000000000000006 /* Resources */,
			);
			buildRules = (
			);
			dependencies = (
			);
			name = HP15CFlasher;
			packageProductDependencies = (
				A10000000000000000000041 /* HP15CFlasherCore */,
			);
			productName = "HP 15C Flasher";
			productReference = A10000000000000000000003 /* HP 15C Flasher.app */;
			productType = "com.apple.product-type.application";
		};
/* End PBXNativeTarget section */

/* Begin PBXProject section */
		A10000000000000000000001 /* Project object */ = {
			isa = PBXProject;
			attributes = {
				BuildIndependentTargetsInParallel = 1;
				LastSwiftUpdateCheck = 1600;
				LastUpgradeCheck = 1600;
			};
			buildConfigurationList = A10000000000000000000050 /* Build configuration list for PBXProject "HP15CFlasher" */;
			compatibilityVersion = "Xcode 14.0";
			developmentRegion = en;
			hasScannedForEncodings = 0;
			knownRegions = (
				en,
				Base,
			);
			mainGroup = A10000000000000000000010;
			packageReferences = (
				A10000000000000000000040 /* XCLocalSwiftPackageReference "." */,
			);
			productRefGroup = A10000000000000000000012 /* Products */;
			projectDirPath = "";
			projectRoot = "";
			targets = (
				A10000000000000000000002 /* HP15CFlasher */,
			);
		};
/* End PBXProject section */

/* Begin PBXResourcesBuildPhase section */
		A10000000000000000000006 /* Resources */ = {
			isa = PBXResourcesBuildPhase;
			buildActionMask = 2147483647;
			files = (
				A10000000000000000000033 /* Assets.xcassets in Resources */,
				A10000000000000000000036 /* Credits.html in Resources */,
			);
			runOnlyForDeploymentPostprocessing = 0;
		};
/* End PBXResourcesBuildPhase section */

/* Begin PBXSourcesBuildPhase section */
		A10000000000000000000004 /* Sources */ = {
			isa = PBXSourcesBuildPhase;
			buildActionMask = 2147483647;
			files = (
				A10000000000000000000030 /* HP15CFlasherApp.swift in Sources */,
				A10000000000000000000031 /* ContentView.swift in Sources */,
				A10000000000000000000032 /* FlasherStore.swift in Sources */,
				A10000000000000000000034 /* WizardDiagrams.swift in Sources */,
				A10000000000000000000035 /* PogoWingEditor.swift in Sources */,
			);
			runOnlyForDeploymentPostprocessing = 0;
		};
/* End PBXSourcesBuildPhase section */

/* Begin XCBuildConfiguration section */
		A10000000000000000000052 /* Debug */ = {
			isa = XCBuildConfiguration;
			buildSettings = {
				ALWAYS_SEARCH_USER_PATHS = NO;
				CLANG_ENABLE_MODULES = YES;
				COPY_PHASE_STRIP = NO;
				DEBUG_INFORMATION_FORMAT = dwarf;
				ENABLE_TESTABILITY = YES;
				MACOSX_DEPLOYMENT_TARGET = 13.0;
				ONLY_ACTIVE_ARCH = YES;
				SDKROOT = macosx;
				SWIFT_ACTIVE_COMPILATION_CONDITIONS = DEBUG;
				SWIFT_OPTIMIZATION_LEVEL = "-Onone";
				SWIFT_VERSION = 5.0;
			};
			name = Debug;
		};
		A10000000000000000000053 /* Release */ = {
			isa = XCBuildConfiguration;
			buildSettings = {
				ALWAYS_SEARCH_USER_PATHS = NO;
				CLANG_ENABLE_MODULES = YES;
				COPY_PHASE_STRIP = NO;
				DEBUG_INFORMATION_FORMAT = "dwarf-with-dsym";
				MACOSX_DEPLOYMENT_TARGET = 13.0;
				SDKROOT = macosx;
				SWIFT_COMPILATION_MODE = wholemodule;
				SWIFT_VERSION = 5.0;
			};
			name = Release;
		};
		A10000000000000000000054 /* Debug */ = {
			isa = XCBuildConfiguration;
			buildSettings = {
				CODE_SIGN_ENTITLEMENTS = App/HP15CFlasher.entitlements;
				CODE_SIGN_STYLE = Automatic;
				COMBINE_HIDPI_IMAGES = YES;
				CURRENT_PROJECT_VERSION = 185;
				DEVELOPMENT_TEAM = 99DA5P7M35;
				ENABLE_APP_SANDBOX = NO;
				ENABLE_HARDENED_RUNTIME = YES;
				ENABLE_USER_SELECTED_FILES = readwrite;
				GENERATE_INFOPLIST_FILE = NO;
				INFOPLIST_FILE = App/Info.plist;
				LD_RUNPATH_SEARCH_PATHS = (
					"$(inherited)",
					"@executable_path/../Frameworks",
				);
				MACOSX_DEPLOYMENT_TARGET = 13.0;
				MARKETING_VERSION = 0.1.0;
				ASSETCATALOG_COMPILER_APPICON_NAME = AppIcon;
				PRODUCT_BUNDLE_IDENTIFIER = com.machiilabs.HP15CFlasher;
				PRODUCT_NAME = "HP 15C Flasher";
				SWIFT_STRICT_CONCURRENCY = minimal;
				SWIFT_VERSION = 5.0;
			};
			name = Debug;
		};
		A10000000000000000000055 /* Release */ = {
			isa = XCBuildConfiguration;
			buildSettings = {
				CODE_SIGN_ENTITLEMENTS = App/HP15CFlasher.entitlements;
				CODE_SIGN_IDENTITY = "Developer ID Application";
				CODE_SIGN_STYLE = Manual;
				COMBINE_HIDPI_IMAGES = YES;
				CURRENT_PROJECT_VERSION = 185;
				DEVELOPMENT_TEAM = 99DA5P7M35;
				ENABLE_APP_SANDBOX = NO;
				ENABLE_HARDENED_RUNTIME = YES;
				ENABLE_USER_SELECTED_FILES = readwrite;
				EXCLUDED_SOURCE_FILE_NAMES = PogoWingEditor.swift;
				GENERATE_INFOPLIST_FILE = NO;
				INFOPLIST_FILE = App/Info.plist;
				LD_RUNPATH_SEARCH_PATHS = (
					"$(inherited)",
					"@executable_path/../Frameworks",
				);
				MACOSX_DEPLOYMENT_TARGET = 13.0;
				MARKETING_VERSION = 0.1.0;
				ASSETCATALOG_COMPILER_APPICON_NAME = AppIcon;
				OTHER_CODE_SIGN_FLAGS = "--timestamp --options=runtime";
				PRODUCT_BUNDLE_IDENTIFIER = com.machiilabs.HP15CFlasher;
				PRODUCT_NAME = "HP 15C Flasher";
				SWIFT_STRICT_CONCURRENCY = minimal;
				SWIFT_VERSION = 5.0;
			};
			name = Release;
		};
/* End XCBuildConfiguration section */

/* Begin XCConfigurationList section */
		A10000000000000000000050 /* Build configuration list for PBXProject "HP15CFlasher" */ = {
			isa = XCConfigurationList;
			buildConfigurations = (
				A10000000000000000000052 /* Debug */,
				A10000000000000000000053 /* Release */,
			);
			defaultConfigurationIsVisible = 0;
			defaultConfigurationName = Release;
		};
		A10000000000000000000051 /* Build configuration list for PBXNativeTarget "HP15CFlasher" */ = {
			isa = XCConfigurationList;
			buildConfigurations = (
				A10000000000000000000054 /* Debug */,
				A10000000000000000000055 /* Release */,
			);
			defaultConfigurationIsVisible = 0;
			defaultConfigurationName = Release;
		};
/* End XCConfigurationList section */

/* Begin XCLocalSwiftPackageReference section */
		A10000000000000000000040 /* XCLocalSwiftPackageReference "." */ = {
			isa = XCLocalSwiftPackageReference;
			relativePath = .;
		};
/* End XCLocalSwiftPackageReference section */

/* Begin XCSwiftPackageProductDependency section */
		A10000000000000000000041 /* HP15CFlasherCore */ = {
			isa = XCSwiftPackageProductDependency;
			package = A10000000000000000000040 /* XCLocalSwiftPackageReference "." */;
			productName = HP15CFlasherCore;
		};
/* End XCSwiftPackageProductDependency section */
	};
	rootObject = A10000000000000000000001 /* Project object */;
}
